// !$*UTF8*$!
{
	archiveVersion = 1;
	classes = {
	};
	objectVersion = 56;
	objects = {

/* Begin PBXBuildFile section */
		7D25B4D229D193EC0079C08E /* Model.swift in Sources */ = {isa = PBXBuildFile; fileRef = 7D25B4D129D193EC0079C08E /* Model.swift */; };
		7D25B4D629D1A3290079C08E /* Assets.xcassets in Resources */ = {isa = PBXBuildFile; fileRef = 7D25B4D529D1A3290079C08E /* Assets.xcassets */; };
		7D3F3FEF29BF657000AE0079 /* AppDelegate.swift in Sources */ = {isa = PBXBuildFile; fileRef = 7D3F3FEE29BF657000AE0079 /* AppDelegate.swift */; };
		7D3F3FF129BF657000AE0079 /* SceneDelegate.swift in Sources */ = {isa = PBXBuildFile; fileRef = 7D3F3FF029BF657000AE0079 /* SceneDelegate.swift */; };
		7D3F3FF329BF657000AE0079 /* TabBarController.swift in Sources */ = {isa = PBXBuildFile; fileRef = 7D3F3FF229BF657000AE0079 /* TabBarController.swift */; };
		7D3F3FF629BF657000AE0079 /* Main.storyboard in Resources */ = {isa = PBXBuildFile; fileRef = 7D3F3FF429BF657000AE0079 /* Main.storyboard */; };
		7D3F3FFB29BF657100AE0079 /* LaunchScreen.storyboard in Resources */ = {isa = PBXBuildFile; fileRef = 7D3F3FF929BF657100AE0079 /* LaunchScreen.storyboard */; };
		7D3F401529BFA01200AE0079 /* BuyViewController.swift in Sources */ = {isa = PBXBuildFile; fileRef = 7D3F401429BFA01200AE0079 /* BuyViewController.swift */; };
		7D3F401829BFA05800AE0079 /* ForYouViewController.swift in Sources */ = {isa = PBXBuildFile; fileRef = 7D3F401729BFA05800AE0079 /* ForYouViewController.swift */; };
		7D3F404729C2365A00AE0079 /* UIViewController+extension.swift in Sources */ = {isa = PBXBuildFile; fileRef = 7D3F404629C2365A00AE0079 /* UIViewController+extension.swift */; };
		7D3F404B29C6147900AE0079 /* UIView+extenstion.swift in Sources */ = {isa = PBXBuildFile; fileRef = 7D3F404A29C6147900AE0079 /* UIView+extenstion.swift */; };
		7DC19FEA29CE370000DF0648 /* ShoppingCartViewController.swift in Sources */ = {isa = PBXBuildFile; fileRef = 7DC19FE929CE370000DF0648 /* ShoppingCartViewController.swift */; };
		7DC19FF029CE38FB00DF0648 /* SearchViewController.swift in Sources */ = {isa = PBXBuildFile; fileRef = 7DC19FEC29CE38FA00DF0648 /* SearchViewController.swift */; };
		7DC19FF129CE38FB00DF0648 /* SelectedProduct.storyboard in Resources */ = {isa = PBXBuildFile; fileRef = 7DC19FED29CE38FA00DF0648 /* SelectedProduct.storyboard */; };
		7DC19FF229CE38FB00DF0648 /* ProductCard.swift in Sources */ = {isa = PBXBuildFile; fileRef = 7DC19FEE29CE38FA00DF0648 /* ProductCard.swift */; };
		7DC19FF329CE38FB00DF0648 /* SelectedProductViewController.swift in Sources */ = {isa = PBXBuildFile; fileRef = 7DC19FEF29CE38FB00DF0648 /* SelectedProductViewController.swift */; };
/* End PBXBuildFile section */

/* Begin PBXFileReference section */
		7D25B4D129D193EC0079C08E /* Model.swift */ = {isa = PBXFileReference; lastKnownFileType = sourcecode.swift; path = Model.swift; sourceTree = "<group>"; };
		7D25B4D529D1A3290079C08E /* Assets.xcassets */ = {isa = PBXFileReference; lastKnownFileType = folder.assetcatalog; path = Assets.xcassets; sourceTree = "<group>"; };
		7D3F3FEB29BF657000AE0079 /* CourseUIKitHW16-20.app */ = {isa = PBXFileReference; explicitFileType = wrapper.application; includeInIndex = 0; path = "CourseUIKitHW16-20.app"; sourceTree = BUILT_PRODUCTS_DIR; };
		7D3F3FEE29BF657000AE0079 /* AppDelegate.swift */ = {isa = PBXFileReference; lastKnownFileType = sourcecode.swift; path = AppDelegate.swift; sourceTree = "<group>"; };
		7D3F3FF029BF657000AE0079 /* SceneDelegate.swift */ = {isa = PBXFileReference; lastKnownFileType = sourcecode.swift; path = SceneDelegate.swift; sourceTree = "<group>"; };
		7D3F3FF229BF657000AE0079 /* TabBarController.swift */ = {isa = PBXFileReference; lastKnownFileType = sourcecode.swift; path = TabBarController.swift; sourceTree = "<group>"; };
		7D3F3FF529BF657000AE0079 /* Base */ = {isa = PBXFileReference; lastKnownFileType = file.storyboard; name = Base; path = Base.lproj/Main.storyboard; sourceTree = "<group>"; };
		7D3F3FFA29BF657100AE0079 /* Base */ = {isa = PBXFileReference; lastKnownFileType = file.storyboard; name = Base; path = Base.lproj/LaunchScreen.storyboard; sourceTree = "<group>"; };
		7D3F3FFC29BF657100AE0079 /* Info.plist */ = {isa = PBXFileReference; lastKnownFileType = text.plist.xml; path = Info.plist; sourceTree = "<group>"; };
		7D3F401429BFA01200AE0079 /* BuyViewController.swift */ = {isa = PBXFileReference; lastKnownFileType = sourcecode.swift; path = BuyViewController.swift; sourceTree = "<group>"; };
		7D3F401729BFA05800AE0079 /* ForYouViewController.swift */ = {isa = PBXFileReference; lastKnownFileType = sourcecode.swift; path = ForYouViewController.swift; sourceTree = "<group>"; };
		7D3F404629C2365A00AE0079 /* UIViewController+extension.swift */ = {isa = PBXFileReference; lastKnownFileType = sourcecode.swift; path = "UIViewController+extension.swift"; sourceTree = "<group>"; };
		7D3F404A29C6147900AE0079 /* UIView+extenstion.swift */ = {isa = PBXFileReference; lastKnownFileType = sourcecode.swift; path = "UIView+extenstion.swift"; sourceTree = "<group>"; };
		7DC19FE929CE370000DF0648 /* ShoppingCartViewController.swift */ = {isa = PBXFileReference; fileEncoding = 4; lastKnownFileType = sourcecode.swift; path = ShoppingCartViewController.swift; sourceTree = "<group>"; };
		7DC19FEC29CE38FA00DF0648 /* SearchViewController.swift */ = {isa = PBXFileReference; fileEncoding = 4; lastKnownFileType = sourcecode.swift; path = SearchViewController.swift; sourceTree = "<group>"; };
		7DC19FED29CE38FA00DF0648 /* SelectedProduct.storyboard */ = {isa = PBXFileReference; fileEncoding = 4; lastKnownFileType = file.storyboard; path = SelectedProduct.storyboard; sourceTree = "<group>"; };
		7DC19FEE29CE38FA00DF0648 /* ProductCard.swift */ = {isa = PBXFileReference; fileEncoding = 4; lastKnownFileType = sourcecode.swift; path = ProductCard.swift; sourceTree = "<group>"; };
		7DC19FEF29CE38FB00DF0648 /* SelectedProductViewController.swift */ = {isa = PBXFileReference; fileEncoding = 4; lastKnownFileType = sourcecode.swift; path = SelectedProductViewController.swift; sourceTree = "<group>"; };
/* End PBXFileReference section */

/* Begin PBXFrameworksBuildPhase section */
		7D3F3FE829BF657000AE0079 /* Frameworks */ = {
			isa = PBXFrameworksBuildPhase;
			buildActionMask = 2147483647;
			files = (
			);
			runOnlyForDeploymentPostprocessing = 0;
		};
/* End PBXFrameworksBuildPhase section */

/* Begin PBXGroup section */
		7D25B4D029D193D50079C08E /* Model */ = {
			isa = PBXGroup;
			children = (
				7D25B4D129D193EC0079C08E /* Model.swift */,
			);
			path = Model;
			sourceTree = "<group>";
		};
		7D3F3FE229BF657000AE0079 = {
			isa = PBXGroup;
			children = (
				7D3F3FED29BF657000AE0079 /* CourseUIKitHW16-20 */,
				7D3F3FEC29BF657000AE0079 /* Products */,
			);
			sourceTree = "<group>";
		};
		7D3F3FEC29BF657000AE0079 /* Products */ = {
			isa = PBXGroup;
			children = (
				7D3F3FEB29BF657000AE0079 /* CourseUIKitHW16-20.app */,
			);
			name = Products;
			sourceTree = "<group>";
		};
		7D3F3FED29BF657000AE0079 /* CourseUIKitHW16-20 */ = {
			isa = PBXGroup;
			children = (
				7D25B4D029D193D50079C08E /* Model */,
				7D3F400D29BF9E7600AE0079 /* App */,
				7D3F400E29BF9EA900AE0079 /* Storyboards */,
				7D3F401029BF9EF300AE0079 /* Resources */,
				7D3F400F29BF9EC000AE0079 /* ViewControllers */,
			);
			path = "CourseUIKitHW16-20";
			sourceTree = "<group>";
		};
		7D3F400D29BF9E7600AE0079 /* App */ = {
			isa = PBXGroup;
			children = (
				7D3F3FEE29BF657000AE0079 /* AppDelegate.swift */,
				7D3F3FF029BF657000AE0079 /* SceneDelegate.swift */,
				7D3F3FFC29BF657100AE0079 /* Info.plist */,
			);
			path = App;
			sourceTree = "<group>";
		};
		7D3F400E29BF9EA900AE0079 /* Storyboards */ = {
			isa = PBXGroup;
			children = (
				7D3F3FF429BF657000AE0079 /* Main.storyboard */,
				7D3F3FF929BF657100AE0079 /* LaunchScreen.storyboard */,
			);
			path = Storyboards;
			sourceTree = "<group>";
		};
		7D3F400F29BF9EC000AE0079 /* ViewControllers */ = {
			isa = PBXGroup;
			children = (
				7D3F404A29C6147900AE0079 /* UIView+extenstion.swift */,
				7D3F404629C2365A00AE0079 /* UIViewController+extension.swift */,
				7D3F401229BF9F3100AE0079 /* TabBarController */,
				7D3F401329BF9FEF00AE0079 /* BuyVC */,
				7D3F401629BFA03200AE0079 /* ForYouVC */,
				7D3F401929BFA09400AE0079 /* SearchVC */,
				7DC19FEB29CE371E00DF0648 /* ShoppingCartVC */,
			);
			path = ViewControllers;
			sourceTree = "<group>";
		};
		7D3F401029BF9EF300AE0079 /* Resources */ = {
			isa = PBXGroup;
			children = (
				7D25B4D529D1A3290079C08E /* Assets.xcassets */,
			);
			path = Resources;
			sourceTree = "<group>";
		};
		7D3F401229BF9F3100AE0079 /* TabBarController */ = {
			isa = PBXGroup;
			children = (
				7D3F3FF229BF657000AE0079 /* TabBarController.swift */,
			);
			path = TabBarController;
			sourceTree = "<group>";
		};
		7D3F401329BF9FEF00AE0079 /* BuyVC */ = {
			isa = PBXGroup;
			children = (
				7D3F401429BFA01200AE0079 /* BuyViewController.swift */,
			);
			path = BuyVC;
			sourceTree = "<group>";
		};
		7D3F401629BFA03200AE0079 /* ForYouVC */ = {
			isa = PBXGroup;
			children = (
				7D3F401729BFA05800AE0079 /* ForYouViewController.swift */,
			);
			path = ForYouVC;
			sourceTree = "<group>";
		};
		7D3F401929BFA09400AE0079 /* SearchVC */ = {
			isa = PBXGroup;
			children = (
				7DC19FEE29CE38FA00DF0648 /* ProductCard.swift */,
				7DC19FEC29CE38FA00DF0648 /* SearchViewController.swift */,
				7DC19FED29CE38FA00DF0648 /* SelectedProduct.storyboard */,
				7DC19FEF29CE38FB00DF0648 /* SelectedProductViewController.swift */,
			);
			path = SearchVC;
			sourceTree = "<group>";
		};
		7DC19FEB29CE371E00DF0648 /* ShoppingCartVC */ = {
			isa = PBXGroup;
			children = (
				7DC19FE929CE370000DF0648 /* ShoppingCartViewController.swift */,
			);
			path = ShoppingCartVC;
			sourceTree = "<group>";
		};
/* End PBXGroup section */

/* Begin PBXNativeTarget section */
		7D3F3FEA29BF657000AE0079 /* CourseUIKitHW16-20 */ = {
			isa = PBXNativeTarget;
			buildConfigurationList = 7D3F3FFF29BF657100AE0079 /* Build configuration list for PBXNativeTarget "CourseUIKitHW16-20" */;
			buildPhases = (
				7D3F3FE729BF657000AE0079 /* Sources */,
				7D3F3FE829BF657000AE0079 /* Frameworks */,
				7D3F3FE929BF657000AE0079 /* Resources */,
			);
			buildRules = (
			);
			dependencies = (
			);
			name = "CourseUIKitHW16-20";
			productName = "CourseUIKitHW16-20";
			productReference = 7D3F3FEB29BF657000AE0079 /* CourseUIKitHW16-20.app */;
			productType = "com.apple.product-type.application";
		};
/* End PBXNativeTarget section */

/* Begin PBXProject section */
		7D3F3FE329BF657000AE0079 /* Project object */ = {
			isa = PBXProject;
			attributes = {
				BuildIndependentTargetsInParallel = 1;
				LastSwiftUpdateCheck = 1420;
				LastUpgradeCheck = 1420;
				TargetAttributes = {
					7D3F3FEA29BF657000AE0079 = {
						CreatedOnToolsVersion = 14.2;
					};
				};
			};
			buildConfigurationList = 7D3F3FE629BF657000AE0079 /* Build configuration list for PBXProject "CourseUIKitHW16-20" */;
			compatibilityVersion = "Xcode 14.0";
			developmentRegion = en;
			hasScannedForEncodings = 0;
			knownRegions = (
				en,
				Base,
			);
			mainGroup = 7D3F3FE229BF657000AE0079;
			productRefGroup = 7D3F3FEC29BF657000AE0079 /* Products */;
			projectDirPath = "";
			projectRoot = "";
			targets = (
				7D3F3FEA29BF657000AE0079 /* CourseUIKitHW16-20 */,
			);
		};
/* End PBXProject section */

/* Begin PBXResourcesBuildPhase section */
		7D3F3FE929BF657000AE0079 /* Resources */ = {
			isa = PBXResourcesBuildPhase;
			buildActionMask = 2147483647;
			files = (
				7D3F3FFB29BF657100AE0079 /* LaunchScreen.storyboard in Resources */,
				7DC19FF129CE38FB00DF0648 /* SelectedProduct.storyboard in Resources */,
				7D3F3FF629BF657000AE0079 /* Main.storyboard in Resources */,
				7D25B4D629D1A3290079C08E /* Assets.xcassets in Resources */,
			);
			runOnlyForDeploymentPostprocessing = 0;
		};
/* End PBXResourcesBuildPhase section */

/* Begin PBXSourcesBuildPhase section */
		7D3F3FE729BF657000AE0079 /* Sources */ = {
			isa = PBXSourcesBuildPhase;
			buildActionMask = 2147483647;
			files = (
				7D3F3FF329BF657000AE0079 /* TabBarController.swift in Sources */,
				7D3F401529BFA01200AE0079 /* BuyViewController.swift in Sources */,
				7D3F404729C2365A00AE0079 /* UIViewController+extension.swift in Sources */,
				7D25B4D229D193EC0079C08E /* Model.swift in Sources */,
				7DC19FF229CE38FB00DF0648 /* ProductCard.swift in Sources */,
				7D3F3FEF29BF657000AE0079 /* AppDelegate.swift in Sources */,
				7D3F401829BFA05800AE0079 /* ForYouViewController.swift in Sources */,
				7DC19FF029CE38FB00DF0648 /* SearchViewController.swift in Sources */,
				7DC19FF329CE38FB00DF0648 /* SelectedProductViewController.swift in Sources */,
				7D3F3FF129BF657000AE0079 /* SceneDelegate.swift in Sources */,
				7D3F404B29C6147900AE0079 /* UIView+extenstion.swift in Sources */,
				7DC19FEA29CE370000DF0648 /* ShoppingCartViewController.swift in Sources */,
			);
			runOnlyForDeploymentPostprocessing = 0;
		};
/* End PBXSourcesBuildPhase section */

/* Begin PBXVariantGroup section */
		7D3F3FF429BF657000AE0079 /* Main.storyboard */ = {
			isa = PBXVariantGroup;
			children = (
				7D3F3FF529BF657000AE0079 /* Base */,
			);
			name = Main.storyboard;
			sourceTree = "<group>";
		};
		7D3F3FF929BF657100AE0079 /* LaunchScreen.storyboard */ = {
			isa = PBXVariantGroup;
			children = (
				7D3F3FFA29BF657100AE0079 /* Base */,
			);
			name = LaunchScreen.storyboard;
			sourceTree = "<group>";
		};
/* End PBXVariantGroup section */

/* Begin XCBuildConfiguration section */
		7D3F3FFD29BF657100AE0079 /* Debug */ = {
			isa = XCBuildConfiguration;
			buildSettings = {
				ALWAYS_SEARCH_USER_PATHS = NO;
				CLANG_ANALYZER_NONNULL = YES;
				CLANG_ANALYZER_NUMBER_OBJECT_CONVERSION = YES_AGGRESSIVE;
				CLANG_CXX_LANGUAGE_STANDARD = "gnu++20";
				CLANG_ENABLE_MODULES = YES;
				CLANG_ENABLE_OBJC_ARC = YES;
				CLANG_ENABLE_OBJC_WEAK = YES;
				CLANG_WARN_BLOCK_CAPTURE_AUTORELEASING = YES;
				CLANG_WARN_BOOL_CONVERSION = YES;
				CLANG_WARN_COMMA = YES;
				CLANG_WARN_CONSTANT_CONVERSION = YES;
				CLANG_WARN_DEPRECATED_OBJC_IMPLEMENTATIONS = YES;
				CLANG_WARN_DIRECT_OBJC_ISA_USAGE = YES_ERROR;
				CLANG_WARN_DOCUMENTATION_COMMENTS = YES;
				CLANG_WARN_EMPTY_BODY = YES;
				CLANG_WARN_ENUM_CONVERSION = YES;
				CLANG_WARN_INFINITE_RECURSION = YES;
				CLANG_WARN_INT_CONVERSION = YES;
				CLANG_WARN_NON_LITERAL_NULL_CONVERSION = YES;
				CLANG_WARN_OBJC_IMPLICIT_RETAIN_SELF = YES;
				CLANG_WARN_OBJC_LITERAL_CONVERSION = YES;
				CLANG_WARN_OBJC_ROOT_CLASS = YES_ERROR;
				CLANG_WARN_QUOTED_INCLUDE_IN_FRAMEWORK_HEADER = YES;
				CLANG_WARN_RANGE_LOOP_ANALYSIS = YES;
				CLANG_WARN_STRICT_PROTOTYPES = YES;
				CLANG_WARN_SUSPICIOUS_MOVE = YES;
				CLANG_WARN_UNGUARDED_AVAILABILITY = YES_AGGRESSIVE;
				CLANG_WARN_UNREACHABLE_CODE = YES;
				CLANG_WARN__DUPLICATE_METHOD_MATCH = YES;
				COPY_PHASE_STRIP = NO;
				DEBUG_INFORMATION_FORMAT = dwarf;
				ENABLE_STRICT_OBJC_MSGSEND = YES;
				ENABLE_TESTABILITY = YES;
				GCC_C_LANGUAGE_STANDARD = gnu11;
				GCC_DYNAMIC_NO_PIC = NO;
				GCC_NO_COMMON_BLOCKS = YES;
				GCC_OPTIMIZATION_LEVEL = 0;
				GCC_PREPROCESSOR_DEFINITIONS = (
					"DEBUG=1",
					"$(inherited)",
				);
				GCC_WARN_64_TO_32_BIT_CONVERSION = YES;
				GCC_WARN_ABOUT_RETURN_TYPE = YES_ERROR;
				GCC_WARN_UNDECLARED_SELECTOR = YES;
				GCC_WARN_UNINITIALIZED_AUTOS = YES_AGGRESSIVE;
				GCC_WARN_UNUSED_FUNCTION = YES;
				GCC_WARN_UNUSED_VARIABLE = YES;
				IPHONEOS_DEPLOYMENT_TARGET = 16.2;
				MTL_ENABLE_DEBUG_INFO = INCLUDE_SOURCE;
				MTL_FAST_MATH = YES;
				ONLY_ACTIVE_ARCH = YES;
				SDKROOT = iphoneos;
				SWIFT_ACTIVE_COMPILATION_CONDITIONS = DEBUG;
				SWIFT_OPTIMIZATION_LEVEL = "-Onone";
			};
			name = Debug;
		};
		7D3F3FFE29BF657100AE0079 /* Release */ = {
			isa = XCBuildConfiguration;
			buildSettings = {
				ALWAYS_SEARCH_USER_PATHS = NO;
				CLANG_ANALYZER_NONNULL = YES;
				CLANG_ANALYZER_NUMBER_OBJECT_CONVERSION = YES_AGGRESSIVE;
				CLANG_CXX_LANGUAGE_STANDARD = "gnu++20";
				CLANG_ENABLE_MODULES = YES;
				CLANG_ENABLE_OBJC_ARC = YES;
				CLANG_ENABLE_OBJC_WEAK = YES;
				CLANG_WARN_BLOCK_CAPTURE_AUTORELEASING = YES;
				CLANG_WARN_BOOL_CONVERSION = YES;
				CLANG_WARN_COMMA = YES;
				CLANG_WARN_CONSTANT_CONVERSION = YES;
				CLANG_WARN_DEPRECATED_OBJC_IMPLEMENTATIONS = YES;
				CLANG_WARN_DIRECT_OBJC_ISA_USAGE = YES_ERROR;
				CLANG_WARN_DOCUMENTATION_COMMENTS = YES;
				CLANG_WARN_EMPTY_BODY = YES;
				CLANG_WARN_ENUM_CONVERSION = YES;
				CLANG_WARN_INFINITE_RECURSION = YES;
				CLANG_WARN_INT_CONVERSION = YES;
				CLANG_WARN_NON_LITERAL_NULL_CONVERSION = YES;
				CLANG_WARN_OBJC_IMPLICIT_RETAIN_SELF = YES;
				CLANG_WARN_OBJC_LITERAL_CONVERSION = YES;
				CLANG_WARN_OBJC_ROOT_CLASS = YES_ERROR;
				CLANG_WARN_QUOTED_INCLUDE_IN_FRAMEWORK_HEADER = YES;
				CLANG_WARN_RANGE_LOOP_ANALYSIS = YES;
				CLANG_WARN_STRICT_PROTOTYPES = YES;
				CLANG_WARN_SUSPICIOUS_MOVE = YES;
				CLANG_WARN_UNGUARDED_AVAILABILITY = YES_AGGRESSIVE;
				CLANG_WARN_UNREACHABLE_CODE = YES;
				CLANG_WARN__DUPLICATE_METHOD_MATCH = YES;
				COPY_PHASE_STRIP = NO;
				DEBUG_INFORMATION_FORMAT = "dwarf-with-dsym";
				ENABLE_NS_ASSERTIONS = NO;
				ENABLE_STRICT_OBJC_MSGSEND = YES;
				GCC_C_LANGUAGE_STANDARD = gnu11;
				GCC_NO_COMMON_BLOCKS = YES;
				GCC_WARN_64_TO_32_BIT_CONVERSION = YES;
				GCC_WARN_ABOUT_RETURN_TYPE = YES_ERROR;
				GCC_WARN_UNDECLARED_SELECTOR = YES;
				GCC_WARN_UNINITIALIZED_AUTOS = YES_AGGRESSIVE;
				GCC_WARN_UNUSED_FUNCTION = YES;
				GCC_WARN_UNUSED_VARIABLE = YES;
				IPHONEOS_DEPLOYMENT_TARGET = 16.2;
				MTL_ENABLE_DEBUG_INFO = NO;
				MTL_FAST_MATH = YES;
				SDKROOT = iphoneos;
				SWIFT_COMPILATION_MODE = wholemodule;
				SWIFT_OPTIMIZATION_LEVEL = "-O";
				VALIDATE_PRODUCT = YES;
			};
			name = Release;
		};
		7D3F400029BF657100AE0079 /* Debug */ = {
			isa = XCBuildConfiguration;
			buildSettings = {
				ASSETCATALOG_COMPILER_APPICON_NAME = AppIcon;
				ASSETCATALOG_COMPILER_GLOBAL_ACCENT_COLOR_NAME = AccentColor;
				CODE_SIGN_STYLE = Automatic;
				CURRENT_PROJECT_VERSION = 1;
				DEVELOPMENT_TEAM = 722725XTB3;
				GENERATE_INFOPLIST_FILE = YES;
				INFOPLIST_FILE = "CourseUIKitHW16-20/App/Info.plist";
				INFOPLIST_KEY_UIApplicationSupportsIndirectInputEvents = YES;
				INFOPLIST_KEY_UILaunchStoryboardName = LaunchScreen;
				INFOPLIST_KEY_UIMainStoryboardFile = Main;
				INFOPLIST_KEY_UISupportedInterfaceOrientations_iPad = "UIInterfaceOrientationPortrait UIInterfaceOrientationPortraitUpsideDown UIInterfaceOrientationLandscapeLeft UIInterfaceOrientationLandscapeRight";
				INFOPLIST_KEY_UISupportedInterfaceOrientations_iPhone = "UIInterfaceOrientationPortrait UIInterfaceOrientationLandscapeLeft UIInterfaceOrientationLandscapeRight";
				LD_RUNPATH_SEARCH_PATHS = (
					"$(inherited)",
					"@executable_path/Frameworks",
				);
				MARKETING_VERSION = 1.0;
				PRODUCT_BUNDLE_IDENTIFIER = "Denis-Kurlykov.CourseUIKitHW16-20";
				PRODUCT_NAME = "$(TARGET_NAME)";
				SWIFT_EMIT_LOC_STRINGS = YES;
				SWIFT_VERSION = 5.0;
				TARGETED_DEVICE_FAMILY = "1,2";
			};
			name = Debug;
		};
		7D3F400129BF657100AE0079 /* Release */ = {
			isa = XCBuildConfiguration;
			buildSettings = {
				ASSETCATALOG_COMPILER_APPICON_NAME = AppIcon;
				ASSETCATALOG_COMPILER_GLOBAL_ACCENT_COLOR_NAME = AccentColor;
				CODE_SIGN_STYLE = Automatic;
				CURRENT_PROJECT_VERSION = 1;
				DEVELOPMENT_TEAM = 722725XTB3;
				GENERATE_INFOPLIST_FILE = YES;
				INFOPLIST_FILE = "CourseUIKitHW16-20/App/Info.plist";
				INFOPLIST_KEY_UIApplicationSupportsIndirectInputEvents = YES;
				INFOPLIST_KEY_UILaunchStoryboardName = LaunchScreen;
				INFOPLIST_KEY_UIMainStoryboardFile = Main;
				INFOPLIST_KEY_UISupportedInterfaceOrientations_iPad = "UIInterfaceOrientationPortrait UIInterfaceOrientationPortraitUpsideDown UIInterfaceOrientationLandscapeLeft UIInterfaceOrientationLandscapeRight";
				INFOPLIST_KEY_UISupportedInterfaceOrientations_iPhone = "UIInterfaceOrientationPortrait UIInterfaceOrientationLandscapeLeft UIInterfaceOrientationLandscapeRight";
				LD_RUNPATH_SEARCH_PATHS = (
					"$(inherited)",
					"@executable_path/Frameworks",
				);
				MARKETING_VERSION = 1.0;
				PRODUCT_BUNDLE_IDENTIFIER = "Denis-Kurlykov.CourseUIKitHW16-20";
				PRODUCT_NAME = "$(TARGET_NAME)";
				SWIFT_EMIT_LOC_STRINGS = YES;
				SWIFT_VERSION = 5.0;
				TARGETED_DEVICE_FAMILY = "1,2";
			};
			name = Release;
		};
/* End XCBuildConfiguration section */

/* Begin XCConfigurationList section */
		7D3F3FE629BF657000AE0079 /* Build configuration list for PBXProject "CourseUIKitHW16-20" */ = {
			isa = XCConfigurationList;
			buildConfigurations = (
				7D3F3FFD29BF657100AE0079 /* Debug */,
				7D3F3FFE29BF657100AE0079 /* Release */,
			);
			defaultConfigurationIsVisible = 0;
			defaultConfigurationName = Release;
		};
		7D3F3FFF29BF657100AE0079 /* Build configuration list for PBXNativeTarget "CourseUIKitHW16-20" */ = {
			isa = XCConfigurationList;
			buildConfigurations = (
				7D3F400029BF657100AE0079 /* Debug */,
				7D3F400129BF657100AE0079 /* Release */,
			);
			defaultConfigurationIsVisible = 0;
			defaultConfigurationName = Release;
		};
/* End XCConfigurationList section */
	};
	rootObject = 7D3F3FE329BF657000AE0079 /* Project object */;
}
